// !$*UTF8*$!
{
	archiveVersion = 1;
	classes = {
	};
	objectVersion = 48;
	objects = {

/* Begin PBXBuildFile section */
		AA1B7FB3203CA2C500F6DD8E /* Deck.swift in Sources */ = {isa = PBXBuildFile; fileRef = AA1B7FB2203CA2C500F6DD8E /* Deck.swift */; };
		AA73637E201E3A13007D56BE /* CardFeatures.swift in Sources */ = {isa = PBXBuildFile; fileRef = AA73637D201E3A13007D56BE /* CardFeatures.swift */; };
		AA7F9223201B97F30029FC08 /* AppDelegate.swift in Sources */ = {isa = PBXBuildFile; fileRef = AA7F9222201B97F30029FC08 /* AppDelegate.swift */; };
		AA7F9225201B97F30029FC08 /* ViewController.swift in Sources */ = {isa = PBXBuildFile; fileRef = AA7F9224201B97F30029FC08 /* ViewController.swift */; };
		AA7F9228201B97F30029FC08 /* Main.storyboard in Resources */ = {isa = PBXBuildFile; fileRef = AA7F9226201B97F30029FC08 /* Main.storyboard */; };
		AA7F922A201B97F30029FC08 /* Assets.xcassets in Resources */ = {isa = PBXBuildFile; fileRef = AA7F9229201B97F30029FC08 /* Assets.xcassets */; };
		AA7F922D201B97F30029FC08 /* LaunchScreen.storyboard in Resources */ = {isa = PBXBuildFile; fileRef = AA7F922B201B97F30029FC08 /* LaunchScreen.storyboard */; };
		AA7F9236201BA5830029FC08 /* SetModel.swift in Sources */ = {isa = PBXBuildFile; fileRef = AA7F9235201BA5830029FC08 /* SetModel.swift */; };
		AA7F9238201BA6A40029FC08 /* Card.swift in Sources */ = {isa = PBXBuildFile; fileRef = AA7F9237201BA6A40029FC08 /* Card.swift */; };
		AADD94DA20349B0F0072E17C /* BoardView.swift in Sources */ = {isa = PBXBuildFile; fileRef = AADD94D920349B0F0072E17C /* BoardView.swift */; };
		AADD94DC2034A9020072E17C /* Grid.swift in Sources */ = {isa = PBXBuildFile; fileRef = AADD94DB2034A9020072E17C /* Grid.swift */; };
/* End PBXBuildFile section */

/* Begin PBXFileReference section */
		AA1B7FB2203CA2C500F6DD8E /* Deck.swift */ = {isa = PBXFileReference; lastKnownFileType = sourcecode.swift; path = Deck.swift; sourceTree = "<group>"; };
		AA73637D201E3A13007D56BE /* CardFeatures.swift */ = {isa = PBXFileReference; lastKnownFileType = sourcecode.swift; path = CardFeatures.swift; sourceTree = "<group>"; };
		AA7F921F201B97F20029FC08 /* Game Set.app */ = {isa = PBXFileReference; explicitFileType = wrapper.application; includeInIndex = 0; path = "Game Set.app"; sourceTree = BUILT_PRODUCTS_DIR; };
		AA7F9222201B97F30029FC08 /* AppDelegate.swift */ = {isa = PBXFileReference; lastKnownFileType = sourcecode.swift; path = AppDelegate.swift; sourceTree = "<group>"; };
		AA7F9224201B97F30029FC08 /* ViewController.swift */ = {isa = PBXFileReference; lastKnownFileType = sourcecode.swift; path = ViewController.swift; sourceTree = "<group>"; };
		AA7F9227201B97F30029FC08 /* Base */ = {isa = PBXFileReference; lastKnownFileType = file.storyboard; name = Base; path = Base.lproj/Main.storyboard; sourceTree = "<group>"; };
		AA7F9229201B97F30029FC08 /* Assets.xcassets */ = {isa = PBXFileReference; lastKnownFileType = folder.assetcatalog; path = Assets.xcassets; sourceTree = "<group>"; };
		AA7F922C201B97F30029FC08 /* Base */ = {isa = PBXFileReference; lastKnownFileType = file.storyboard; name = Base; path = Base.lproj/LaunchScreen.storyboard; sourceTree = "<group>"; };
		AA7F922E201B97F30029FC08 /* Info.plist */ = {isa = PBXFileReference; lastKnownFileType = text.plist.xml; path = Info.plist; sourceTree = "<group>"; };
		AA7F9235201BA5830029FC08 /* SetModel.swift */ = {isa = PBXFileReference; lastKnownFileType = sourcecode.swift; path = SetModel.swift; sourceTree = "<group>"; };
		AA7F9237201BA6A40029FC08 /* Card.swift */ = {isa = PBXFileReference; lastKnownFileType = sourcecode.swift; path = Card.swift; sourceTree = "<group>"; };
		AADD94D920349B0F0072E17C /* BoardView.swift */ = {isa = PBXFileReference; lastKnownFileType = sourcecode.swift; path = BoardView.swift; sourceTree = "<group>"; };
		AADD94DB2034A9020072E17C /* Grid.swift */ = {isa = PBXFileReference; lastKnownFileType = sourcecode.swift; path = Grid.swift; sourceTree = "<group>"; };
/* End PBXFileReference section */

/* Begin PBXFrameworksBuildPhase section */
		AA7F921C201B97F20029FC08 /* Frameworks */ = {
			isa = PBXFrameworksBuildPhase;
			buildActionMask = 2147483647;
			files = (
			);
			runOnlyForDeploymentPostprocessing = 0;
		};
/* End PBXFrameworksBuildPhase section */

/* Begin PBXGroup section */
		AA7F9216201B97F20029FC08 = {
			isa = PBXGroup;
			children = (
				AA7F9221201B97F20029FC08 /* Game Set */,
				AA7F9220201B97F20029FC08 /* Products */,
			);
			sourceTree = "<group>";
		};
		AA7F9220201B97F20029FC08 /* Products */ = {
			isa = PBXGroup;
			children = (
				AA7F921F201B97F20029FC08 /* Game Set.app */,
			);
			name = Products;
			sourceTree = "<group>";
		};
		AA7F9221201B97F20029FC08 /* Game Set */ = {
			isa = PBXGroup;
			children = (
				AA7F9224201B97F30029FC08 /* ViewController.swift */,
				AA7F9235201BA5830029FC08 /* SetModel.swift */,
				AA7F9237201BA6A40029FC08 /* Card.swift */,
				AA1B7FB2203CA2C500F6DD8E /* Deck.swift */,
				AADD94D920349B0F0072E17C /* BoardView.swift */,
				AADD94DB2034A9020072E17C /* Grid.swift */,
				AA73637D201E3A13007D56BE /* CardFeatures.swift */,
				AA7F9226201B97F30029FC08 /* Main.storyboard */,
				AA7F9234201B98220029FC08 /* Supporting Files */,
				AA7F922E201B97F30029FC08 /* Info.plist */,
			);
			path = "Game Set";
			sourceTree = "<group>";
		};
		AA7F9234201B98220029FC08 /* Supporting Files */ = {
			isa = PBXGroup;
			children = (
				AA7F9222201B97F30029FC08 /* AppDelegate.swift */,
				AA7F9229201B97F30029FC08 /* Assets.xcassets */,
				AA7F922B201B97F30029FC08 /* LaunchScreen.storyboard */,
			);
			path = "Supporting Files";
			sourceTree = "<group>";
		};
/* End PBXGroup section */

/* Begin PBXNativeTarget section */
		AA7F921E201B97F20029FC08 /* Game Set */ = {
			isa = PBXNativeTarget;
			buildConfigurationList = AA7F9231201B97F30029FC08 /* Build configuration list for PBXNativeTarget "Game Set" */;
			buildPhases = (
				AA7F921B201B97F20029FC08 /* Sources */,
				AA7F921C201B97F20029FC08 /* Frameworks */,
				AA7F921D201B97F20029FC08 /* Resources */,
			);
			buildRules = (
			);
			dependencies = (
			);
			name = "Game Set";
			productName = "Game Set";
			productReference = AA7F921F201B97F20029FC08 /* Game Set.app */;
			productType = "com.apple.product-type.application";
		};
/* End PBXNativeTarget section */

/* Begin PBXProject section */
		AA7F9217201B97F20029FC08 /* Project object */ = {
			isa = PBXProject;
			attributes = {
				LastSwiftUpdateCheck = 0920;
				LastUpgradeCheck = 0920;
				ORGANIZATIONNAME = "Cesar Gutierrez Carrero";
				TargetAttributes = {
					AA7F921E201B97F20029FC08 = {
						CreatedOnToolsVersion = 9.2;
						ProvisioningStyle = Automatic;
					};
				};
			};
			buildConfigurationList = AA7F921A201B97F20029FC08 /* Build configuration list for PBXProject "Game Set" */;
			compatibilityVersion = "Xcode 8.0";
			developmentRegion = en;
			hasScannedForEncodings = 0;
			knownRegions = (
				en,
				Base,
			);
			mainGroup = AA7F9216201B97F20029FC08;
			productRefGroup = AA7F9220201B97F20029FC08 /* Products */;
			projectDirPath = "";
			projectRoot = "";
			targets = (
				AA7F921E201B97F20029FC08 /* Game Set */,
			);
		};
/* End PBXProject section */

/* Begin PBXResourcesBuildPhase section */
		AA7F921D201B97F20029FC08 /* Resources */ = {
			isa = PBXResourcesBuildPhase;
			buildActionMask = 2147483647;
			files = (
				AA7F922D201B97F30029FC08 /* LaunchScreen.storyboard in Resources */,
				AA7F922A201B97F30029FC08 /* Assets.xcassets in Resources */,
				AA7F9228201B97F30029FC08 /* Main.storyboard in Resources */,
			);
			runOnlyForDeploymentPostprocessing = 0;
		};
/* End PBXResourcesBuildPhase section */

/* Begin PBXSourcesBuildPhase section */
		AA7F921B201B97F20029FC08 /* Sources */ = {
			isa = PBXSourcesBuildPhase;
			buildActionMask = 2147483647;
			files = (
				AA7F9225201B97F30029FC08 /* ViewController.swift in Sources */,
				AA7F9236201BA5830029FC08 /* SetModel.swift in Sources */,
				AA7F9223201B97F30029FC08 /* AppDelegate.swift in Sources */,
				AADD94DA20349B0F0072E17C /* BoardView.swift in Sources */,
				AA1B7FB3203CA2C500F6DD8E /* Deck.swift in Sources */,
				AA7F9238201BA6A40029FC08 /* Card.swift in Sources */,
				AADD94DC2034A9020072E17C /* Grid.swift in Sources */,
				AA73637E201E3A13007D56BE /* CardFeatures.swift in Sources */,
			);
			runOnlyForDeploymentPostprocessing = 0;
		};
/* End PBXSourcesBuildPhase section */

/* Begin PBXVariantGroup section */
		AA7F9226201B97F30029FC08 /* Main.storyboard */ = {
			isa = PBXVariantGroup;
			children = (
				AA7F9227201B97F30029FC08 /* Base */,
			);
			name = Main.storyboard;
			sourceTree = "<group>";
		};
		AA7F922B201B97F30029FC08 /* LaunchScreen.storyboard */ = {
			isa = PBXVariantGroup;
			children = (
				AA7F922C201B97F30029FC08 /* Base */,
			);
			name = LaunchScreen.storyboard;
			sourceTree = "<group>";
		};
/* End PBXVariantGroup section */

/* Begin XCBuildConfiguration section */
		AA7F922F201B97F30029FC08 /* Debug */ = {
			isa = XCBuildConfiguration;
			buildSettings = {
				ALWAYS_SEARCH_USER_PATHS = NO;
				CLANG_ANALYZER_NONNULL = YES;
				CLANG_ANALYZER_NUMBER_OBJECT_CONVERSION = YES_AGGRESSIVE;
				CLANG_CXX_LANGUAGE_STANDARD = "gnu++14";
				CLANG_CXX_LIBRARY = "libc++";
				CLANG_ENABLE_MODULES = YES;
				CLANG_ENABLE_OBJC_ARC = YES;
				CLANG_WARN_BLOCK_CAPTURE_AUTORELEASING = YES;
				CLANG_WARN_BOOL_CONVERSION = YES;
				CLANG_WARN_COMMA = YES;
				CLANG_WARN_CONSTANT_CONVERSION = YES;
				CLANG_WARN_DIRECT_OBJC_ISA_USAGE = YES_ERROR;
				CLANG_WARN_DOCUMENTATION_COMMENTS = YES;
				CLANG_WARN_EMPTY_BODY = YES;
				CLANG_WARN_ENUM_CONVERSION = YES;
				CLANG_WARN_INFINITE_RECURSION = YES;
				CLANG_WARN_INT_CONVERSION = YES;
				CLANG_WARN_NON_LITERAL_NULL_CONVERSION = YES;
				CLANG_WARN_OBJC_LITERAL_CONVERSION = YES;
				CLANG_WARN_OBJC_ROOT_CLASS = YES_ERROR;
				CLANG_WARN_RANGE_LOOP_ANALYSIS = YES;
				CLANG_WARN_STRICT_PROTOTYPES = YES;
				CLANG_WARN_SUSPICIOUS_MOVE = YES;
				CLANG_WARN_UNGUARDED_AVAILABILITY = YES_AGGRESSIVE;
				CLANG_WARN_UNREACHABLE_CODE = YES;
				CLANG_WARN__DUPLICATE_METHOD_MATCH = YES;
				CODE_SIGN_IDENTITY = "iPhone Developer";
				COPY_PHASE_STRIP = NO;
				DEBUG_INFORMATION_FORMAT = dwarf;
				ENABLE_STRICT_OBJC_MSGSEND = YES;
				ENABLE_TESTABILITY = YES;
				GCC_C_LANGUAGE_STANDARD = gnu11;
				GCC_DYNAMIC_NO_PIC = NO;
				GCC_NO_COMMON_BLOCKS = YES;
				GCC_OPTIMIZATION_LEVEL = 0;
				GCC_PREPROCESSOR_DEFINITIONS = (
					"DEBUG=1",
					"$(inherited)",
				);
				GCC_WARN_64_TO_32_BIT_CONVERSION = YES;
				GCC_WARN_ABOUT_RETURN_TYPE = YES_ERROR;
				GCC_WARN_UNDECLARED_SELECTOR = YES;
				GCC_WARN_UNINITIALIZED_AUTOS = YES_AGGRESSIVE;
				GCC_WARN_UNUSED_FUNCTION = YES;
				GCC_WARN_UNUSED_VARIABLE = YES;
				IPHONEOS_DEPLOYMENT_TARGET = 11.2;
				MTL_ENABLE_DEBUG_INFO = YES;
				ONLY_ACTIVE_ARCH = YES;
				SDKROOT = iphoneos;
				SWIFT_ACTIVE_COMPILATION_CONDITIONS = DEBUG;
				SWIFT_OPTIMIZATION_LEVEL = "-Onone";
			};
			name = Debug;
		};
		AA7F9230201B97F30029FC08 /* Release */ = {
			isa = XCBuildConfiguration;
			buildSettings = {
				ALWAYS_SEARCH_USER_PATHS = NO;
				CLANG_ANALYZER_NONNULL = YES;
				CLANG_ANALYZER_NUMBER_OBJECT_CONVERSION = YES_AGGRESSIVE;
				CLANG_CXX_LANGUAGE_STANDARD = "gnu++14";
				CLANG_CXX_LIBRARY = "libc++";
				CLANG_ENABLE_MODULES = YES;
				CLANG_ENABLE_OBJC_ARC = YES;
				CLANG_WARN_BLOCK_CAPTURE_AUTORELEASING = YES;
				CLANG_WARN_BOOL_CONVERSION = YES;
				CLANG_WARN_COMMA = YES;
				CLANG_WARN_CONSTANT_CONVERSION = YES;
				CLANG_WARN_DIRECT_OBJC_ISA_USAGE = YES_ERROR;
				CLANG_WARN_DOCUMENTATION_COMMENTS = YES;
				CLANG_WARN_EMPTY_BODY = YES;
				CLANG_WARN_ENUM_CONVERSION = YES;
				CLANG_WARN_INFINITE_RECURSION = YES;
				CLANG_WARN_INT_CONVERSION = YES;
				CLANG_WARN_NON_LITERAL_NULL_CONVERSION = YES;
				CLANG_WARN_OBJC_LITERAL_CONVERSION = YES;
				CLANG_WARN_OBJC_ROOT_CLASS = YES_ERROR;
				CLANG_WARN_RANGE_LOOP_ANALYSIS = YES;
				CLANG_WARN_STRICT_PROTOTYPES = YES;
				CLANG_WARN_SUSPICIOUS_MOVE = YES;
				CLANG_WARN_UNGUARDED_AVAILABILITY = YES_AGGRESSIVE;
				CLANG_WARN_UNREACHABLE_CODE = YES;
				CLANG_WARN__DUPLICATE_METHOD_MATCH = YES;
				CODE_SIGN_IDENTITY = "iPhone Developer";
				COPY_PHASE_STRIP = NO;
				DEBUG_INFORMATION_FORMAT = "dwarf-with-dsym";
				ENABLE_NS_ASSERTIONS = NO;
				ENABLE_STRICT_OBJC_MSGSEND = YES;
				GCC_C_LANGUAGE_STANDARD = gnu11;
				GCC_NO_COMMON_BLOCKS = YES;
				GCC_WARN_64_TO_32_BIT_CONVERSION = YES;
				GCC_WARN_ABOUT_RETURN_TYPE = YES_ERROR;
				GCC_WARN_UNDECLARED_SELECTOR = YES;
				GCC_WARN_UNINITIALIZED_AUTOS = YES_AGGRESSIVE;
				GCC_WARN_UNUSED_FUNCTION = YES;
				GCC_WARN_UNUSED_VARIABLE = YES;
				IPHONEOS_DEPLOYMENT_TARGET = 11.2;
				MTL_ENABLE_DEBUG_INFO = NO;
				SDKROOT = iphoneos;
				SWIFT_OPTIMIZATION_LEVEL = "-Owholemodule";
				VALIDATE_PRODUCT = YES;
			};
			name = Release;
		};
		AA7F9232201B97F30029FC08 /* Debug */ = {
			isa = XCBuildConfiguration;
			buildSettings = {
				ASSETCATALOG_COMPILER_APPICON_NAME = AppIcon;
				CODE_SIGN_STYLE = Automatic;
				INFOPLIST_FILE = "Game Set/Info.plist";
				LD_RUNPATH_SEARCH_PATHS = "$(inherited) @executable_path/Frameworks";
				PRODUCT_BUNDLE_IDENTIFIER = "csarGC.Game-Set";
				PRODUCT_NAME = "$(TARGET_NAME)";
				SWIFT_VERSION = 4.0;
				TARGETED_DEVICE_FAMILY = "1,2";
			};
			name = Debug;
		};
		AA7F9233201B97F30029FC08 /* Release */ = {
			isa = XCBuildConfiguration;
			buildSettings = {
				ASSETCATALOG_COMPILER_APPICON_NAME = AppIcon;
				CODE_SIGN_STYLE = Automatic;
				INFOPLIST_FILE = "Game Set/Info.plist";
				LD_RUNPATH_SEARCH_PATHS = "$(inherited) @executable_path/Frameworks";
				PRODUCT_BUNDLE_IDENTIFIER = "csarGC.Game-Set";
				PRODUCT_NAME = "$(TARGET_NAME)";
				SWIFT_VERSION = 4.0;
				TARGETED_DEVICE_FAMILY = "1,2";
			};
			name = Release;
		};
/* End XCBuildConfiguration section */

/* Begin XCConfigurationList section */
		AA7F921A201B97F20029FC08 /* Build configuration list for PBXProject "Game Set" */ = {
			isa = XCConfigurationList;
			buildConfigurations = (
				AA7F922F201B97F30029FC08 /* Debug */,
				AA7F9230201B97F30029FC08 /* Release */,
			);
			defaultConfigurationIsVisible = 0;
			defaultConfigurationName = Release;
		};
		AA7F9231201B97F30029FC08 /* Build configuration list for PBXNativeTarget "Game Set" */ = {
			isa = XCConfigurationList;
			buildConfigurations = (
				AA7F9232201B97F30029FC08 /* Debug */,
				AA7F9233201B97F30029FC08 /* Release */,
			);
			defaultConfigurationIsVisible = 0;
			defaultConfigurationName = Release;
		};
/* End XCConfigurationList section */
	};
	rootObject = AA7F9217201B97F20029FC08 /* Project object */;
}
